// !$*UTF8*$!
{
	archiveVersion = 1;
	classes = {
	};
	objectVersion = 46;
	objects = {

/* Begin PBXBuildFile section */
		C87A53541754562A008461B5 /* UIKit.framework in Frameworks */ = {isa = PBXBuildFile; fileRef = C87A53531754562A008461B5 /* UIKit.framework */; };
		C87A53561754562A008461B5 /* Foundation.framework in Frameworks */ = {isa = PBXBuildFile; fileRef = C87A53551754562A008461B5 /* Foundation.framework */; };
		C87A53581754562A008461B5 /* CoreGraphics.framework in Frameworks */ = {isa = PBXBuildFile; fileRef = C87A53571754562A008461B5 /* CoreGraphics.framework */; };
		C87A535E1754562A008461B5 /* InfoPlist.strings in Resources */ = {isa = PBXBuildFile; fileRef = C87A535C1754562A008461B5 /* InfoPlist.strings */; };
		C87A538F17546105008461B5 /* GGViewController.m in Sources */ = {isa = PBXBuildFile; fileRef = C87A537C17546105008461B5 /* GGViewController.m */; };
		C87A539017546105008461B5 /* GGAppDelegate.m in Sources */ = {isa = PBXBuildFile; fileRef = C87A538617546105008461B5 /* GGAppDelegate.m */; };
		C87A539117546105008461B5 /* main.m in Sources */ = {isa = PBXBuildFile; fileRef = C87A538717546105008461B5 /* main.m */; };
		C87A539417546105008461B5 /* Default-568h@2x.png in Resources */ = {isa = PBXBuildFile; fileRef = C87A538B17546105008461B5 /* Default-568h@2x.png */; };
		C87A539517546105008461B5 /* Default.png in Resources */ = {isa = PBXBuildFile; fileRef = C87A538C17546105008461B5 /* Default.png */; };
		C87A539617546105008461B5 /* Default@2x.png in Resources */ = {isa = PBXBuildFile; fileRef = C87A538D17546105008461B5 /* Default@2x.png */; };
		C87A53A2175489D8008461B5 /* GGViewController.xib in Resources */ = {isa = PBXBuildFile; fileRef = C87A53A1175489D8008461B5 /* GGViewController.xib */; };
		C87A53C01754923F008461B5 /* VerticalSwipeScrollView.m in Sources */ = {isa = PBXBuildFile; fileRef = C87A53B61754923F008461B5 /* VerticalSwipeScrollView.m */; settings = {COMPILER_FLAGS = "-fno-objc-arc"; }; };
		C87A53C11754923F008461B5 /* MMDrawerBarButtonItem.m in Sources */ = {isa = PBXBuildFile; fileRef = C87A53B91754923F008461B5 /* MMDrawerBarButtonItem.m */; };
		C87A53C21754923F008461B5 /* MMDrawerController.m in Sources */ = {isa = PBXBuildFile; fileRef = C87A53BB1754923F008461B5 /* MMDrawerController.m */; };
		C87A53C31754923F008461B5 /* MMDrawerVisualState.m in Sources */ = {isa = PBXBuildFile; fileRef = C87A53BD1754923F008461B5 /* MMDrawerVisualState.m */; };
		C87A53C41754923F008461B5 /* UIViewController+MMDrawerController.m in Sources */ = {isa = PBXBuildFile; fileRef = C87A53BF1754923F008461B5 /* UIViewController+MMDrawerController.m */; };
		C87A53C61754931E008461B5 /* QuartzCore.framework in Frameworks */ = {isa = PBXBuildFile; fileRef = C87A53C51754931E008461B5 /* QuartzCore.framework */; };
/* End PBXBuildFile section */

/* Begin PBXFileReference section */
		C87A53501754562A008461B5 /* eguo.app */ = {isa = PBXFileReference; explicitFileType = wrapper.application; includeInIndex = 0; path = eguo.app; sourceTree = BUILT_PRODUCTS_DIR; };
		C87A53531754562A008461B5 /* UIKit.framework */ = {isa = PBXFileReference; lastKnownFileType = wrapper.framework; name = UIKit.framework; path = System/Library/Frameworks/UIKit.framework; sourceTree = SDKROOT; };
		C87A53551754562A008461B5 /* Foundation.framework */ = {isa = PBXFileReference; lastKnownFileType = wrapper.framework; name = Foundation.framework; path = System/Library/Frameworks/Foundation.framework; sourceTree = SDKROOT; };
		C87A53571754562A008461B5 /* CoreGraphics.framework */ = {isa = PBXFileReference; lastKnownFileType = wrapper.framework; name = CoreGraphics.framework; path = System/Library/Frameworks/CoreGraphics.framework; sourceTree = SDKROOT; };
		C87A535B1754562A008461B5 /* eguo-Info.plist */ = {isa = PBXFileReference; lastKnownFileType = text.plist.xml; path = "eguo-Info.plist"; sourceTree = "<group>"; };
		C87A535D1754562A008461B5 /* en */ = {isa = PBXFileReference; lastKnownFileType = text.plist.strings; name = en; path = en.lproj/InfoPlist.strings; sourceTree = "<group>"; };
		C87A53611754562A008461B5 /* eguo-Prefix.pch */ = {isa = PBXFileReference; lastKnownFileType = sourcecode.c.h; path = "eguo-Prefix.pch"; sourceTree = "<group>"; };
		C87A537B17546105008461B5 /* GGViewController.h */ = {isa = PBXFileReference; fileEncoding = 4; lastKnownFileType = sourcecode.c.h; path = GGViewController.h; sourceTree = "<group>"; };
		C87A537C17546105008461B5 /* GGViewController.m */ = {isa = PBXFileReference; fileEncoding = 4; lastKnownFileType = sourcecode.c.objc; path = GGViewController.m; sourceTree = "<group>"; };
		C87A538517546105008461B5 /* GGAppDelegate.h */ = {isa = PBXFileReference; fileEncoding = 4; lastKnownFileType = sourcecode.c.h; path = GGAppDelegate.h; sourceTree = "<group>"; };
		C87A538617546105008461B5 /* GGAppDelegate.m */ = {isa = PBXFileReference; fileEncoding = 4; lastKnownFileType = sourcecode.c.objc; path = GGAppDelegate.m; sourceTree = "<group>"; };
		C87A538717546105008461B5 /* main.m */ = {isa = PBXFileReference; fileEncoding = 4; lastKnownFileType = sourcecode.c.objc; path = main.m; sourceTree = "<group>"; };
		C87A538B17546105008461B5 /* Default-568h@2x.png */ = {isa = PBXFileReference; lastKnownFileType = image.png; path = "Default-568h@2x.png"; sourceTree = "<group>"; };
		C87A538C17546105008461B5 /* Default.png */ = {isa = PBXFileReference; lastKnownFileType = image.png; path = Default.png; sourceTree = "<group>"; };
		C87A538D17546105008461B5 /* Default@2x.png */ = {isa = PBXFileReference; lastKnownFileType = image.png; path = "Default@2x.png"; sourceTree = "<group>"; };
		C87A53A1175489D8008461B5 /* GGViewController.xib */ = {isa = PBXFileReference; fileEncoding = 4; lastKnownFileType = file.xib; path = GGViewController.xib; sourceTree = "<group>"; };
		C87A53B51754923F008461B5 /* VerticalSwipeScrollView.h */ = {isa = PBXFileReference; fileEncoding = 4; lastKnownFileType = sourcecode.c.h; path = VerticalSwipeScrollView.h; sourceTree = "<group>"; };
		C87A53B61754923F008461B5 /* VerticalSwipeScrollView.m */ = {isa = PBXFileReference; fileEncoding = 4; lastKnownFileType = sourcecode.c.objc; path = VerticalSwipeScrollView.m; sourceTree = "<group>"; };
		C87A53B81754923F008461B5 /* MMDrawerBarButtonItem.h */ = {isa = PBXFileReference; fileEncoding = 4; lastKnownFileType = sourcecode.c.h; path = MMDrawerBarButtonItem.h; sourceTree = "<group>"; };
		C87A53B91754923F008461B5 /* MMDrawerBarButtonItem.m */ = {isa = PBXFileReference; fileEncoding = 4; lastKnownFileType = sourcecode.c.objc; path = MMDrawerBarButtonItem.m; sourceTree = "<group>"; };
		C87A53BA1754923F008461B5 /* MMDrawerController.h */ = {isa = PBXFileReference; fileEncoding = 4; lastKnownFileType = sourcecode.c.h; path = MMDrawerController.h; sourceTree = "<group>"; };
		C87A53BB1754923F008461B5 /* MMDrawerController.m */ = {isa = PBXFileReference; fileEncoding = 4; lastKnownFileType = sourcecode.c.objc; path = MMDrawerController.m; sourceTree = "<group>"; };
		C87A53BC1754923F008461B5 /* MMDrawerVisualState.h */ = {isa = PBXFileReference; fileEncoding = 4; lastKnownFileType = sourcecode.c.h; path = MMDrawerVisualState.h; sourceTree = "<group>"; };
		C87A53BD1754923F008461B5 /* MMDrawerVisualState.m */ = {isa = PBXFileReference; fileEncoding = 4; lastKnownFileType = sourcecode.c.objc; path = MMDrawerVisualState.m; sourceTree = "<group>"; };
		C87A53BE1754923F008461B5 /* UIViewController+MMDrawerController.h */ = {isa = PBXFileReference; fileEncoding = 4; lastKnownFileType = sourcecode.c.h; path = "UIViewController+MMDrawerController.h"; sourceTree = "<group>"; };
		C87A53BF1754923F008461B5 /* UIViewController+MMDrawerController.m */ = {isa = PBXFileReference; fileEncoding = 4; lastKnownFileType = sourcecode.c.objc; path = "UIViewController+MMDrawerController.m"; sourceTree = "<group>"; };
		C87A53C51754931E008461B5 /* QuartzCore.framework */ = {isa = PBXFileReference; lastKnownFileType = wrapper.framework; name = QuartzCore.framework; path = System/Library/Frameworks/QuartzCore.framework; sourceTree = SDKROOT; };
/* End PBXFileReference section */

/* Begin PBXFrameworksBuildPhase section */
		C87A534D1754562A008461B5 /* Frameworks */ = {
			isa = PBXFrameworksBuildPhase;
			buildActionMask = 2147483647;
			files = (
				C87A53C61754931E008461B5 /* QuartzCore.framework in Frameworks */,
				C87A53541754562A008461B5 /* UIKit.framework in Frameworks */,
				C87A53561754562A008461B5 /* Foundation.framework in Frameworks */,
				C87A53581754562A008461B5 /* CoreGraphics.framework in Frameworks */,
			);
			runOnlyForDeploymentPostprocessing = 0;
		};
/* End PBXFrameworksBuildPhase section */

/* Begin PBXGroup section */
		C87A53471754562A008461B5 = {
			isa = PBXGroup;
			children = (
				C87A53591754562A008461B5 /* eguo */,
				C87A53521754562A008461B5 /* Frameworks */,
				C87A53511754562A008461B5 /* Products */,
			);
			sourceTree = "<group>";
		};
		C87A53511754562A008461B5 /* Products */ = {
			isa = PBXGroup;
			children = (
				C87A53501754562A008461B5 /* eguo.app */,
			);
			name = Products;
			sourceTree = "<group>";
		};
		C87A53521754562A008461B5 /* Frameworks */ = {
			isa = PBXGroup;
			children = (
				C87A53C51754931E008461B5 /* QuartzCore.framework */,
				C87A53531754562A008461B5 /* UIKit.framework */,
				C87A53551754562A008461B5 /* Foundation.framework */,
				C87A53571754562A008461B5 /* CoreGraphics.framework */,
			);
			name = Frameworks;
			sourceTree = "<group>";
		};
		C87A53591754562A008461B5 /* eguo */ = {
			isa = PBXGroup;
			children = (
				C87A537917546105008461B5 /* app */,
				C87A538017546105008461B5 /* config */,
				C87A538117546105008461B5 /* ext */,
				C87A538217546105008461B5 /* i18n */,
				C87A538317546105008461B5 /* lib */,
				C87A538417546105008461B5 /* main */,
				C87A538A17546105008461B5 /* resource */,
				C87A535A1754562A008461B5 /* Supporting Files */,
			);
			path = eguo;
			sourceTree = "<group>";
		};
		C87A535A1754562A008461B5 /* Supporting Files */ = {
			isa = PBXGroup;
			children = (
				C87A535B1754562A008461B5 /* eguo-Info.plist */,
				C87A535C1754562A008461B5 /* InfoPlist.strings */,
				C87A53611754562A008461B5 /* eguo-Prefix.pch */,
			);
			name = "Supporting Files";
			sourceTree = "<group>";
		};
		C87A537917546105008461B5 /* app */ = {
			isa = PBXGroup;
			children = (
				C87A537A17546105008461B5 /* controllers */,
				C87A537D17546105008461B5 /* models */,
				C87A537E17546105008461B5 /* modules */,
				C87A537F17546105008461B5 /* views */,
			);
			path = app;
			sourceTree = "<group>";
		};
		C87A537A17546105008461B5 /* controllers */ = {
			isa = PBXGroup;
			children = (
				C87A537B17546105008461B5 /* GGViewController.h */,
				C87A537C17546105008461B5 /* GGViewController.m */,
				C87A53A1175489D8008461B5 /* GGViewController.xib */,
			);
			path = controllers;
			sourceTree = "<group>";
		};
		C87A537D17546105008461B5 /* models */ = {
			isa = PBXGroup;
			children = (
			);
			path = models;
			sourceTree = "<group>";
		};
		C87A537E17546105008461B5 /* modules */ = {
			isa = PBXGroup;
			children = (
			);
			path = modules;
			sourceTree = "<group>";
		};
		C87A537F17546105008461B5 /* views */ = {
			isa = PBXGroup;
			children = (
			);
			path = views;
			sourceTree = "<group>";
		};
		C87A538017546105008461B5 /* config */ = {
			isa = PBXGroup;
			children = (
			);
			path = config;
			sourceTree = "<group>";
		};
		C87A538117546105008461B5 /* ext */ = {
			isa = PBXGroup;
			children = (
			);
			path = ext;
			sourceTree = "<group>";
		};
		C87A538217546105008461B5 /* i18n */ = {
			isa = PBXGroup;
			children = (
			);
			path = i18n;
			sourceTree = "<group>";
		};
		C87A538317546105008461B5 /* lib */ = {
			isa = PBXGroup;
			children = (
				C87A53B41754923F008461B5 /* VerticalSwipeScrollView */,
				C87A53B71754923F008461B5 /* MMDrawerController */,
			);
			path = lib;
			sourceTree = "<group>";
		};
		C87A538417546105008461B5 /* main */ = {
			isa = PBXGroup;
			children = (
				C87A538517546105008461B5 /* GGAppDelegate.h */,
				C87A538617546105008461B5 /* GGAppDelegate.m */,
				C87A538717546105008461B5 /* main.m */,
			);
			path = main;
			sourceTree = "<group>";
		};
		C87A538A17546105008461B5 /* resource */ = {
			isa = PBXGroup;
			children = (
				C87A538B17546105008461B5 /* Default-568h@2x.png */,
				C87A538C17546105008461B5 /* Default.png */,
				C87A538D17546105008461B5 /* Default@2x.png */,
				C87A538E17546105008461B5 /* images */,
			);
			path = resource;
			sourceTree = "<group>";
		};
		C87A538E17546105008461B5 /* images */ = {
			isa = PBXGroup;
			children = (
			);
			path = images;
			sourceTree = "<group>";
		};
		C87A53B41754923F008461B5 /* VerticalSwipeScrollView */ = {
			isa = PBXGroup;
			children = (
				C87A53B51754923F008461B5 /* VerticalSwipeScrollView.h */,
				C87A53B61754923F008461B5 /* VerticalSwipeScrollView.m */,
			);
			path = VerticalSwipeScrollView;
			sourceTree = "<group>";
		};
		C87A53B71754923F008461B5 /* MMDrawerController */ = {
			isa = PBXGroup;
			children = (
				C87A53B81754923F008461B5 /* MMDrawerBarButtonItem.h */,
				C87A53B91754923F008461B5 /* MMDrawerBarButtonItem.m */,
				C87A53BA1754923F008461B5 /* MMDrawerController.h */,
				C87A53BB1754923F008461B5 /* MMDrawerController.m */,
				C87A53BC1754923F008461B5 /* MMDrawerVisualState.h */,
				C87A53BD1754923F008461B5 /* MMDrawerVisualState.m */,
				C87A53BE1754923F008461B5 /* UIViewController+MMDrawerController.h */,
				C87A53BF1754923F008461B5 /* UIViewController+MMDrawerController.m */,
			);
			path = MMDrawerController;
			sourceTree = "<group>";
		};
/* End PBXGroup section */

/* Begin PBXNativeTarget section */
		C87A534F1754562A008461B5 /* eguo */ = {
			isa = PBXNativeTarget;
			buildConfigurationList = C87A53761754562A008461B5 /* Build configuration list for PBXNativeTarget "eguo" */;
			buildPhases = (
				C87A534C1754562A008461B5 /* Sources */,
				C87A534D1754562A008461B5 /* Frameworks */,
				C87A534E1754562A008461B5 /* Resources */,
			);
			buildRules = (
			);
			dependencies = (
			);
			name = eguo;
			productName = eguo;
			productReference = C87A53501754562A008461B5 /* eguo.app */;
			productType = "com.apple.product-type.application";
		};
/* End PBXNativeTarget section */

/* Begin PBXProject section */
		C87A53481754562A008461B5 /* Project object */ = {
			isa = PBXProject;
			attributes = {
				CLASSPREFIX = GG;
				LastUpgradeCheck = 0460;
				ORGANIZATIONNAME = onemx;
			};
			buildConfigurationList = C87A534B1754562A008461B5 /* Build configuration list for PBXProject "eguo" */;
			compatibilityVersion = "Xcode 3.2";
			developmentRegion = English;
			hasScannedForEncodings = 0;
			knownRegions = (
				en,
			);
			mainGroup = C87A53471754562A008461B5;
			productRefGroup = C87A53511754562A008461B5 /* Products */;
			projectDirPath = "";
			projectRoot = "";
			targets = (
				C87A534F1754562A008461B5 /* eguo */,
			);
		};
/* End PBXProject section */

/* Begin PBXResourcesBuildPhase section */
		C87A534E1754562A008461B5 /* Resources */ = {
			isa = PBXResourcesBuildPhase;
			buildActionMask = 2147483647;
			files = (
				C87A535E1754562A008461B5 /* InfoPlist.strings in Resources */,
				C87A539417546105008461B5 /* Default-568h@2x.png in Resources */,
				C87A539517546105008461B5 /* Default.png in Resources */,
				C87A539617546105008461B5 /* Default@2x.png in Resources */,
				C87A53A2175489D8008461B5 /* GGViewController.xib in Resources */,
			);
			runOnlyForDeploymentPostprocessing = 0;
		};
/* End PBXResourcesBuildPhase section */

/* Begin PBXSourcesBuildPhase section */
		C87A534C1754562A008461B5 /* Sources */ = {
			isa = PBXSourcesBuildPhase;
			buildActionMask = 2147483647;
			files = (
				C87A538F17546105008461B5 /* GGViewController.m in Sources */,
				C87A539017546105008461B5 /* GGAppDelegate.m in Sources */,
				C87A539117546105008461B5 /* main.m in Sources */,
				C87A53C01754923F008461B5 /* VerticalSwipeScrollView.m in Sources */,
				C87A53C11754923F008461B5 /* MMDrawerBarButtonItem.m in Sources */,
				C87A53C21754923F008461B5 /* MMDrawerController.m in Sources */,
				C87A53C31754923F008461B5 /* MMDrawerVisualState.m in Sources */,
				C87A53C41754923F008461B5 /* UIViewController+MMDrawerController.m in Sources */,
			);
			runOnlyForDeploymentPostprocessing = 0;
		};
/* End PBXSourcesBuildPhase section */

/* Begin PBXVariantGroup section */
		C87A535C1754562A008461B5 /* InfoPlist.strings */ = {
			isa = PBXVariantGroup;
			children = (
				C87A535D1754562A008461B5 /* en */,
			);
			name = InfoPlist.strings;
			sourceTree = "<group>";
		};
/* End PBXVariantGroup section */

/* Begin XCBuildConfiguration section */
		C87A53741754562A008461B5 /* Debug */ = {
			isa = XCBuildConfiguration;
			buildSettings = {
				ALWAYS_SEARCH_USER_PATHS = NO;
				CLANG_CXX_LANGUAGE_STANDARD = "gnu++0x";
				CLANG_CXX_LIBRARY = "libc++";
				CLANG_ENABLE_OBJC_ARC = YES;
				CLANG_WARN_CONSTANT_CONVERSION = YES;
				CLANG_WARN_EMPTY_BODY = YES;
				CLANG_WARN_ENUM_CONVERSION = YES;
				CLANG_WARN_INT_CONVERSION = YES;
				CLANG_WARN__DUPLICATE_METHOD_MATCH = YES;
				"CODE_SIGN_IDENTITY[sdk=iphoneos*]" = "iPhone Developer";
				COPY_PHASE_STRIP = NO;
				GCC_C_LANGUAGE_STANDARD = gnu99;
				GCC_DYNAMIC_NO_PIC = NO;
				GCC_OPTIMIZATION_LEVEL = 0;
				GCC_PREPROCESSOR_DEFINITIONS = (
					"DEBUG=1",
					"$(inherited)",
				);
				GCC_SYMBOLS_PRIVATE_EXTERN = NO;
				GCC_WARN_ABOUT_RETURN_TYPE = YES;
				GCC_WARN_UNINITIALIZED_AUTOS = YES;
				GCC_WARN_UNUSED_VARIABLE = YES;
				IPHONEOS_DEPLOYMENT_TARGET = 6.1;
				ONLY_ACTIVE_ARCH = YES;
				SDKROOT = iphoneos;
				TARGETED_DEVICE_FAMILY = "1,2";
			};
			name = Debug;
		};
		C87A53751754562A008461B5 /* Release */ = {
			isa = XCBuildConfiguration;
			buildSettings = {
				ALWAYS_SEARCH_USER_PATHS = NO;
				CLANG_CXX_LANGUAGE_STANDARD = "gnu++0x";
				CLANG_CXX_LIBRARY = "libc++";
				CLANG_ENABLE_OBJC_ARC = YES;
				CLANG_WARN_CONSTANT_CONVERSION = YES;
				CLANG_WARN_EMPTY_BODY = YES;
				CLANG_WARN_ENUM_CONVERSION = YES;
				CLANG_WARN_INT_CONVERSION = YES;
				CLANG_WARN__DUPLICATE_METHOD_MATCH = YES;
				"CODE_SIGN_IDENTITY[sdk=iphoneos*]" = "iPhone Developer";
				COPY_PHASE_STRIP = YES;
				GCC_C_LANGUAGE_STANDARD = gnu99;
				GCC_WARN_ABOUT_RETURN_TYPE = YES;
				GCC_WARN_UNINITIALIZED_AUTOS = YES;
				GCC_WARN_UNUSED_VARIABLE = YES;
				IPHONEOS_DEPLOYMENT_TARGET = 6.1;
				OTHER_CFLAGS = "-DNS_BLOCK_ASSERTIONS=1";
				SDKROOT = iphoneos;
				TARGETED_DEVICE_FAMILY = "1,2";
				VALIDATE_PRODUCT = YES;
			};
			name = Release;
		};
		C87A53771754562A008461B5 /* Debug */ = {
			isa = XCBuildConfiguration;
			buildSettings = {
				GCC_PRECOMPILE_PREFIX_HEADER = YES;
				GCC_PREFIX_HEADER = "eguo/eguo-Prefix.pch";
				INFOPLIST_FILE = "eguo/eguo-Info.plist";
				IPHONEOS_DEPLOYMENT_TARGET = 5.0;
				PRODUCT_NAME = "$(TARGET_NAME)";
				WRAPPER_EXTENSION = app;
			};
			name = Debug;
		};
		C87A53781754562A008461B5 /* Release */ = {
			isa = XCBuildConfiguration;
			buildSettings = {
				GCC_PRECOMPILE_PREFIX_HEADER = YES;
				GCC_PREFIX_HEADER = "eguo/eguo-Prefix.pch";
				INFOPLIST_FILE = "eguo/eguo-Info.plist";
				IPHONEOS_DEPLOYMENT_TARGET = 5.0;
				PRODUCT_NAME = "$(TARGET_NAME)";
				WRAPPER_EXTENSION = app;
			};
			name = Release;
		};
/* End XCBuildConfiguration section */

/* Begin XCConfigurationList section */
		C87A534B1754562A008461B5 /* Build configuration list for PBXProject "eguo" */ = {
			isa = XCConfigurationList;
			buildConfigurations = (
				C87A53741754562A008461B5 /* Debug */,
				C87A53751754562A008461B5 /* Release */,
			);
			defaultConfigurationIsVisible = 0;
			defaultConfigurationName = Release;
		};
		C87A53761754562A008461B5 /* Build configuration list for PBXNativeTarget "eguo" */ = {
			isa = XCConfigurationList;
			buildConfigurations = (
				C87A53771754562A008461B5 /* Debug */,
				C87A53781754562A008461B5 /* Release */,
			);
			defaultConfigurationIsVisible = 0;
			defaultConfigurationName = Release;
		};
/* End XCConfigurationList section */
	};
	rootObject = C87A53481754562A008461B5 /* Project object */;
}
